Microsoft Visual Studio Solution File, Format Version 11.00
# Visual Studio 2008

Project("{8395D9EA-7F2A-E6D7-AF11-525D046E7453}") = "WallTemplate", "Assembly-CSharp.csproj", "{93F2003A-48E8-FF60-1A73-57F95733E926}"
EndProject
Global
	GlobalSection(SolutionConfigurationPlatforms) = preSolution
		Debug|Any CPU = Debug|Any CPU
		Release|Any CPU = Release|Any CPU
	EndGlobalSection
	GlobalSection(ProjectConfigurationPlatforms) = postSolution
		{93F2003A-48E8-FF60-1A73-57F95733E926}.Debug|Any CPU.ActiveCfg = Debug|Any CPU
		{93F2003A-48E8-FF60-1A73-57F95733E926}.Debug|Any CPU.Build.0 = Debug|Any CPU
		{93F2003A-48E8-FF60-1A73-57F95733E926}.Release|Any CPU.ActiveCfg = Release|Any CPU
		{93F2003A-48E8-FF60-1A73-57F95733E926}.Release|Any CPU.Build.0 = Release|Any CPU
	EndGlobalSection
	GlobalSection(SolutionProperties) = preSolution
		HideSolutionNode = FALSE
	EndGlobalSection
	GlobalSection(MonoDevelopProperties) = preSolution
		StartupItem = Assembly-CSharp.csproj
	EndGlobalSection
EndGlobal
